{
  "nodes": {
    "flake-parts": {
      "inputs": {
        "nixpkgs-lib": [
          "nixpkgs"
        ]
      },
      "locked": {
        "lastModified": 1736143030,
        "narHash": "sha256-+hu54pAoLDEZT9pjHlqL9DNzWz0NbUn8NEAHP7PQPzU=",
        "owner": "hercules-ci",
        "repo": "flake-parts",
        "rev": "b905f6fc23a9051a6e1b741e1438dbfc0634c6de",
        "type": "github"
      },
      "original": {
        "owner": "hercules-ci",
        "repo": "flake-parts",
        "type": "github"
      }
    },
    "flake-utils": {
      "inputs": {
        "systems": [
          "nixcfg",
          "systems"
        ]
      },
      "locked": {
        "lastModified": 1731533236,
        "narHash": "sha256-l0KFg5HjrsfsO/JpG+r7fRrqm12kzFHyUHqHCVpMMbI=",
        "owner": "numtide",
        "repo": "flake-utils",
        "rev": "11707dc2f618dd54ca8739b309ec4fc024de578b",
        "type": "github"
      },
      "original": {
        "owner": "numtide",
        "repo": "flake-utils",
        "type": "github"
      }
    },
    "flake-utils-plus": {
      "inputs": {
        "flake-utils": [
          "nixcfg",
          "flake-utils"
        ]
      },
      "locked": {
        "lastModified": 1722363685,
        "narHash": "sha256-XCf2PIAT6lH7BwytgioPmVf/wkzXjSKScC4KzcZgb64=",
        "owner": "gytis-ivaskevicius",
        "repo": "flake-utils-plus",
        "rev": "6b10f51ff73a66bb29f3bc8151a59d217713f496",
        "type": "github"
      },
      "original": {
        "owner": "gytis-ivaskevicius",
        "repo": "flake-utils-plus",
        "type": "github"
      }
    },
    "nixcfg": {
      "inputs": {
        "clan-core": [],
        "factorio-blueprints": [],
        "firefox-addons": [],
        "flake-parts": [
          "flake-parts"
        ],
        "flake-utils": "flake-utils",
        "flake-utils-plus": "flake-utils-plus",
        "home-manager": [],
        "nix-index-database": [],
        "nixos-cosmic": [],
        "nixpkgs": [
          "nixpkgs"
        ],
        "nixpkgs-openmw": [],
        "nixpkgs-stable": [],
        "nixvim": [],
        "openmw": [],
        "snowfall-lib": [],
        "sops-nix": [],
        "src-factorio-blueprint-decoder": [],
        "stylix": [],
        "systems": [
          "systems"
        ],
        "treefmt-nix": "treefmt-nix",
        "vscode-extensions": "vscode-extensions"
      },
      "locked": {
        "lastModified": 1737976540,
        "narHash": "sha256-zCWCtSwTAU6LcfJF8Ca6ZAy9nJUoQ3xkgj35luYSUo8=",
        "owner": "kieranknowles1",
        "repo": "nixcfg",
        "rev": "bf789fdfaef4a779f44c8f254066bdc0e5cd68ff",
        "type": "github"
      },
      "original": {
        "owner": "kieranknowles1",
        "repo": "nixcfg",
        "type": "github"
      }
    },
    "nixpkgs": {
      "locked": {
        "lastModified": 1737885589,
        "narHash": "sha256-Zf0hSrtzaM1DEz8//+Xs51k/wdSajticVrATqDrfQjg=",
        "owner": "nixos",
        "repo": "nixpkgs",
        "rev": "852ff1d9e153d8875a83602e03fdef8a63f0ecf8",
        "type": "github"
      },
      "original": {
        "owner": "nixos",
        "ref": "nixos-unstable",
        "repo": "nixpkgs",
        "type": "github"
      }
    },
    "root": {
      "inputs": {
        "flake-parts": "flake-parts",
        "nixcfg": "nixcfg",
        "nixpkgs": "nixpkgs",
        "systems": "systems"
      }
    },
    "systems": {
      "locked": {
        "lastModified": 1689347949,
        "narHash": "sha256-12tWmuL2zgBgZkdoB6qXZsgJEH9LR3oUgpaQq2RbI80=",
        "owner": "nix-systems",
        "repo": "default-linux",
        "rev": "31732fcf5e8fea42e59c2488ad31a0e651500f68",
        "type": "github"
      },
      "original": {
        "owner": "nix-systems",
        "repo": "default-linux",
        "type": "github"
      }
    },
    "treefmt-nix": {
      "inputs": {
        "nixpkgs": [
          "nixcfg",
          "nixpkgs"
        ]
      },
      "locked": {
        "lastModified": 1737103437,
        "narHash": "sha256-uPNWcYbhY2fjY3HOfRCR5jsfzdzemhfxLSxwjXYXqNc=",
        "owner": "numtide",
        "repo": "treefmt-nix",
        "rev": "d1ed3b385f8130e392870cfb1dbfaff8a63a1899",
        "type": "github"
      },
      "original": {
        "owner": "numtide",
        "repo": "treefmt-nix",
        "type": "github"
      }
    },
    "vscode-extensions": {
      "inputs": {
        "flake-compat": [
          "nixcfg"
        ],
        "flake-utils": [
          "nixcfg",
          "flake-utils"
        ],
        "nixpkgs": [
          "nixcfg",
          "nixpkgs"
        ]
      },
      "locked": {
        "lastModified": 1737942494,
        "narHash": "sha256-psueAkTIlozsWJZDdee5/cWRggGklcjYMQWsAoEXfcU=",
        "owner": "nix-community",
        "repo": "nix-vscode-extensions",
        "rev": "81af90e45a052d0d2466d21319707b8a0eaff7d6",
        "type": "github"
      },
      "original": {
        "owner": "nix-community",
        "repo": "nix-vscode-extensions",
        "type": "github"
      }
    }
  },
  "root": "root",
  "version": 7
}
