{
  "nodes": {
    "flake-parts": {
      "inputs": {
        "nixpkgs-lib": [
          "nixpkgs"
        ]
      },
      "locked": {
        "lastModified": 1738453229,
        "narHash": "sha256-7H9XgNiGLKN1G1CgRh0vUL4AheZSYzPm+zmZ7vxbJdo=",
        "owner": "hercules-ci",
        "repo": "flake-parts",
        "rev": "32ea77a06711b758da0ad9bd6a844c5740a87abd",
        "type": "github"
      },
      "original": {
        "owner": "hercules-ci",
        "repo": "flake-parts",
        "type": "github"
      }
    },
    "flake-utils": {
      "inputs": {
        "systems": [
          "nixcfg",
          "systems"
        ]
      },
      "locked": {
        "lastModified": 1731533236,
        "narHash": "sha256-l0KFg5HjrsfsO/JpG+r7fRrqm12kzFHyUHqHCVpMMbI=",
        "owner": "numtide",
        "repo": "flake-utils",
        "rev": "11707dc2f618dd54ca8739b309ec4fc024de578b",
        "type": "github"
      },
      "original": {
        "owner": "numtide",
        "repo": "flake-utils",
        "type": "github"
      }
    },
    "flake-utils-plus": {
      "inputs": {
        "flake-utils": [
          "nixcfg",
          "flake-utils"
        ]
      },
      "locked": {
        "lastModified": 1738591040,
        "narHash": "sha256-4WNeriUToshQ/L5J+dTSWC5OJIwT39SEP7V7oylndi8=",
        "owner": "gytis-ivaskevicius",
        "repo": "flake-utils-plus",
        "rev": "afcb15b845e74ac5e998358709b2b5fe42a948d1",
        "type": "github"
      },
      "original": {
        "owner": "gytis-ivaskevicius",
        "repo": "flake-utils-plus",
        "type": "github"
      }
    },
    "nixcfg": {
      "inputs": {
        "clan-core": [],
        "factorio-blueprints": [],
        "firefox-addons": [],
        "flake-parts": [
          "flake-parts"
        ],
        "flake-utils": "flake-utils",
        "flake-utils-plus": "flake-utils-plus",
        "home-manager": [],
        "nix-index-database": [],
        "nixos-cosmic": [],
        "nixpkgs": [
          "nixpkgs"
        ],
        "nixpkgs-openmw": [],
        "nixpkgs-stable": [],
        "nixvim": [],
        "openmw": [],
        "snowfall-lib": [],
        "sops-nix": [],
        "src-factorio-blueprint-decoder": [],
        "stylix": [],
        "systems": [
          "systems"
        ],
        "treefmt-nix": "treefmt-nix",
        "vscode-extensions": "vscode-extensions"
      },
      "locked": {
        "lastModified": 1740351347,
        "narHash": "sha256-4cTROYPNifI4np1S5h0rrVfuHCUedk7oMNQQWwaF6HI=",
        "owner": "kieranknowles1",
        "repo": "nixcfg",
        "rev": "69ba0378cb732c677c6b177c99a6e251a8bba6ba",
        "type": "github"
      },
      "original": {
        "owner": "kieranknowles1",
        "repo": "nixcfg",
        "type": "github"
      }
    },
    "nixpkgs": {
      "locked": {
        "lastModified": 1740126099,
        "narHash": "sha256-ozoOtE2hGsqh4XkTJFsrTkNxkRgShxpQxDynaPZUGxk=",
        "owner": "nixos",
        "repo": "nixpkgs",
        "rev": "32fb99ba93fea2798be0e997ea331dd78167f814",
        "type": "github"
      },
      "original": {
        "owner": "nixos",
        "ref": "nixos-unstable",
        "repo": "nixpkgs",
        "type": "github"
      }
    },
    "root": {
      "inputs": {
        "flake-parts": "flake-parts",
        "nixcfg": "nixcfg",
        "nixpkgs": "nixpkgs",
        "systems": "systems"
      }
    },
    "systems": {
      "locked": {
        "lastModified": 1689347949,
        "narHash": "sha256-12tWmuL2zgBgZkdoB6qXZsgJEH9LR3oUgpaQq2RbI80=",
        "owner": "nix-systems",
        "repo": "default-linux",
        "rev": "31732fcf5e8fea42e59c2488ad31a0e651500f68",
        "type": "github"
      },
      "original": {
        "owner": "nix-systems",
        "repo": "default-linux",
        "type": "github"
      }
    },
    "treefmt-nix": {
      "inputs": {
        "nixpkgs": [
          "nixcfg",
          "nixpkgs"
        ]
      },
      "locked": {
        "lastModified": 1738953846,
        "narHash": "sha256-yrK3Hjcr8F7qS/j2F+r7C7o010eVWWlm4T1PrbKBOxQ=",
        "owner": "numtide",
        "repo": "treefmt-nix",
        "rev": "4f09b473c936d41582dd744e19f34ec27592c5fd",
        "type": "github"
      },
      "original": {
        "owner": "numtide",
        "repo": "treefmt-nix",
        "type": "github"
      }
    },
    "vscode-extensions": {
      "inputs": {
        "flake-compat": [
          "nixcfg"
        ],
        "flake-utils": [
          "nixcfg",
          "flake-utils"
        ],
        "nixpkgs": [
          "nixcfg",
          "nixpkgs"
        ]
      },
      "locked": {
        "lastModified": 1739411363,
        "narHash": "sha256-QAXvfAXyBtMOdBAz+ivmVVk9V7/d3nSgFprH4C0XOr0=",
        "owner": "nix-community",
        "repo": "nix-vscode-extensions",
        "rev": "142aabf9bb589535f150afff4a439f39bd04c21e",
        "type": "github"
      },
      "original": {
        "owner": "nix-community",
        "repo": "nix-vscode-extensions",
        "type": "github"
      }
    }
  },
  "root": "root",
  "version": 7
}
